// !$*UTF8*$!
{
	archiveVersion = 1;
	classes = {
	};
	objectVersion = 50;
	objects = {

/* Begin PBXBuildFile section */
		390064AB22FBC28A004189E6 /* NameSettingTableViewCell.swift in Sources */ = {isa = PBXBuildFile; fileRef = 390064A922FBC28A004189E6 /* NameSettingTableViewCell.swift */; };
		390064AC22FBC28A004189E6 /* NameSettingTableViewCell.xib in Resources */ = {isa = PBXBuildFile; fileRef = 390064AA22FBC28A004189E6 /* NameSettingTableViewCell.xib */; };
		390064AE22FBCD41004189E6 /* camera.swift in Sources */ = {isa = PBXBuildFile; fileRef = 390064AD22FBCD41004189E6 /* camera.swift */; };
		390064F522FBF3F7004189E6 /* PickerTableViewCell.swift in Sources */ = {isa = PBXBuildFile; fileRef = 390064F322FBF3F7004189E6 /* PickerTableViewCell.swift */; };
		390064F622FBF3F7004189E6 /* PickerTableViewCell.xib in Resources */ = {isa = PBXBuildFile; fileRef = 390064F422FBF3F7004189E6 /* PickerTableViewCell.xib */; };
		390064F922FC081C004189E6 /* ReuseableLabelButtonTableViewCell.swift in Sources */ = {isa = PBXBuildFile; fileRef = 390064F722FC081C004189E6 /* ReuseableLabelButtonTableViewCell.swift */; };
		390064FA22FC081C004189E6 /* ReuseableLabelButtonTableViewCell.xib in Resources */ = {isa = PBXBuildFile; fileRef = 390064F822FC081C004189E6 /* ReuseableLabelButtonTableViewCell.xib */; };
		3900650122FC2CE8004189E6 /* Advisor.storyboard in Resources */ = {isa = PBXBuildFile; fileRef = 3900650022FC2CE8004189E6 /* Advisor.storyboard */; };
		3900650322FC2E1B004189E6 /* AdvisorViewController.swift in Sources */ = {isa = PBXBuildFile; fileRef = 3900650222FC2E1B004189E6 /* AdvisorViewController.swift */; };
		390AF28723029C0A002A87BA /* AdvisorCardCollectionViewCell.swift in Sources */ = {isa = PBXBuildFile; fileRef = 390AF28623029C0A002A87BA /* AdvisorCardCollectionViewCell.swift */; };
		3965891122F9879E008B7C63 /* colors.swift in Sources */ = {isa = PBXBuildFile; fileRef = 3965891022F9879E008B7C63 /* colors.swift */; };
		3965891522FAA925008B7C63 /* JourneyViewController.swift in Sources */ = {isa = PBXBuildFile; fileRef = 3965891422FAA925008B7C63 /* JourneyViewController.swift */; };
		3965891722FAA94F008B7C63 /* DailyTaskViewController.swift in Sources */ = {isa = PBXBuildFile; fileRef = 3965891622FAA94F008B7C63 /* DailyTaskViewController.swift */; };
		3965891B22FAAE67008B7C63 /* StoryTableViewController.swift in Sources */ = {isa = PBXBuildFile; fileRef = 3965891A22FAAE67008B7C63 /* StoryTableViewController.swift */; };
		3965892022FAAEFA008B7C63 /* firstCellTableViewCell.swift in Sources */ = {isa = PBXBuildFile; fileRef = 3965891E22FAAEFA008B7C63 /* firstCellTableViewCell.swift */; };
		3965892122FAAEFA008B7C63 /* firstCellTableViewCell.xib in Resources */ = {isa = PBXBuildFile; fileRef = 3965891F22FAAEFA008B7C63 /* firstCellTableViewCell.xib */; };
		3965892422FAAF37008B7C63 /* StoryTableViewCell.swift in Sources */ = {isa = PBXBuildFile; fileRef = 3965892222FAAF37008B7C63 /* StoryTableViewCell.swift */; };
		3965892522FAAF37008B7C63 /* StoryTableViewCell.xib in Resources */ = {isa = PBXBuildFile; fileRef = 3965892322FAAF37008B7C63 /* StoryTableViewCell.xib */; };
		3965892722FABA0B008B7C63 /* SettingTableViewController.swift in Sources */ = {isa = PBXBuildFile; fileRef = 3965892622FABA0B008B7C63 /* SettingTableViewController.swift */; };
		BC02E18122FC06D5007FB216 /* Data.xcdatamodeld in Sources */ = {isa = PBXBuildFile; fileRef = BC02E17F22FC06D5007FB216 /* Data.xcdatamodeld */; };
		BC04224222FAB12500D10B07 /* DailyTaskCollectionViewCell.swift in Sources */ = {isa = PBXBuildFile; fileRef = BC04224122FAB12500D10B07 /* DailyTaskCollectionViewCell.swift */; };
		BC04224422FAB3D200D10B07 /* Task.swift in Sources */ = {isa = PBXBuildFile; fileRef = BC04224322FAB3D200D10B07 /* Task.swift */; };
		BC48C56622FD5BB00095E45D /* SubmitChallengeViewController.swift in Sources */ = {isa = PBXBuildFile; fileRef = BC48C56522FD5BB00095E45D /* SubmitChallengeViewController.swift */; };
		BC91132022F8F85600383393 /* AppDelegate.swift in Sources */ = {isa = PBXBuildFile; fileRef = BC91131F22F8F85600383393 /* AppDelegate.swift */; };
		BC91132522F8F85600383393 /* Main.storyboard in Resources */ = {isa = PBXBuildFile; fileRef = BC91132322F8F85600383393 /* Main.storyboard */; };
		BC91132722F8F85800383393 /* Assets.xcassets in Resources */ = {isa = PBXBuildFile; fileRef = BC91132622F8F85800383393 /* Assets.xcassets */; };
		BC91132A22F8F85800383393 /* LaunchScreen.storyboard in Resources */ = {isa = PBXBuildFile; fileRef = BC91132822F8F85800383393 /* LaunchScreen.storyboard */; };
		BC91133522F8F85800383393 /* YeapTests.swift in Sources */ = {isa = PBXBuildFile; fileRef = BC91133422F8F85800383393 /* YeapTests.swift */; };
		BC91134022F8F85800383393 /* YeapUITests.swift in Sources */ = {isa = PBXBuildFile; fileRef = BC91133F22F8F85800383393 /* YeapUITests.swift */; };
/* End PBXBuildFile section */

/* Begin PBXContainerItemProxy section */
		BC91133122F8F85800383393 /* PBXContainerItemProxy */ = {
			isa = PBXContainerItemProxy;
			containerPortal = BC91131422F8F85600383393 /* Project object */;
			proxyType = 1;
			remoteGlobalIDString = BC91131B22F8F85600383393;
			remoteInfo = Yeap;
		};
		BC91133C22F8F85800383393 /* PBXContainerItemProxy */ = {
			isa = PBXContainerItemProxy;
			containerPortal = BC91131422F8F85600383393 /* Project object */;
			proxyType = 1;
			remoteGlobalIDString = BC91131B22F8F85600383393;
			remoteInfo = Yeap;
		};
/* End PBXContainerItemProxy section */

/* Begin PBXFileReference section */
		390064A922FBC28A004189E6 /* NameSettingTableViewCell.swift */ = {isa = PBXFileReference; lastKnownFileType = sourcecode.swift; name = NameSettingTableViewCell.swift; path = Yeap/Views/NameSettingTableViewCell.swift; sourceTree = SOURCE_ROOT; };
		390064AA22FBC28A004189E6 /* NameSettingTableViewCell.xib */ = {isa = PBXFileReference; lastKnownFileType = file.xib; name = NameSettingTableViewCell.xib; path = Yeap/Views/NameSettingTableViewCell.xib; sourceTree = SOURCE_ROOT; };
		390064AD22FBCD41004189E6 /* camera.swift */ = {isa = PBXFileReference; lastKnownFileType = sourcecode.swift; name = camera.swift; path = Yeap/camera.swift; sourceTree = SOURCE_ROOT; };
		390064F322FBF3F7004189E6 /* PickerTableViewCell.swift */ = {isa = PBXFileReference; lastKnownFileType = sourcecode.swift; path = PickerTableViewCell.swift; sourceTree = "<group>"; };
		390064F422FBF3F7004189E6 /* PickerTableViewCell.xib */ = {isa = PBXFileReference; lastKnownFileType = file.xib; path = PickerTableViewCell.xib; sourceTree = "<group>"; };
		390064F722FC081C004189E6 /* ReuseableLabelButtonTableViewCell.swift */ = {isa = PBXFileReference; lastKnownFileType = sourcecode.swift; path = ReuseableLabelButtonTableViewCell.swift; sourceTree = "<group>"; };
		390064F822FC081C004189E6 /* ReuseableLabelButtonTableViewCell.xib */ = {isa = PBXFileReference; lastKnownFileType = file.xib; path = ReuseableLabelButtonTableViewCell.xib; sourceTree = "<group>"; };
		3900650022FC2CE8004189E6 /* Advisor.storyboard */ = {isa = PBXFileReference; lastKnownFileType = file.storyboard; path = Advisor.storyboard; sourceTree = "<group>"; };
		3900650222FC2E1B004189E6 /* AdvisorViewController.swift */ = {isa = PBXFileReference; lastKnownFileType = sourcecode.swift; path = AdvisorViewController.swift; sourceTree = "<group>"; };
		390AF28623029C0A002A87BA /* AdvisorCardCollectionViewCell.swift */ = {isa = PBXFileReference; lastKnownFileType = sourcecode.swift; path = AdvisorCardCollectionViewCell.swift; sourceTree = "<group>"; };
		3965891022F9879E008B7C63 /* colors.swift */ = {isa = PBXFileReference; lastKnownFileType = sourcecode.swift; path = colors.swift; sourceTree = SOURCE_ROOT; };
		3965891422FAA925008B7C63 /* JourneyViewController.swift */ = {isa = PBXFileReference; lastKnownFileType = sourcecode.swift; path = JourneyViewController.swift; sourceTree = "<group>"; };
		3965891622FAA94F008B7C63 /* DailyTaskViewController.swift */ = {isa = PBXFileReference; lastKnownFileType = sourcecode.swift; path = DailyTaskViewController.swift; sourceTree = "<group>"; };
		3965891A22FAAE67008B7C63 /* StoryTableViewController.swift */ = {isa = PBXFileReference; lastKnownFileType = sourcecode.swift; path = StoryTableViewController.swift; sourceTree = "<group>"; };
		3965891E22FAAEFA008B7C63 /* firstCellTableViewCell.swift */ = {isa = PBXFileReference; lastKnownFileType = sourcecode.swift; name = firstCellTableViewCell.swift; path = Yeap/Views/firstCellTableViewCell.swift; sourceTree = SOURCE_ROOT; };
		3965891F22FAAEFA008B7C63 /* firstCellTableViewCell.xib */ = {isa = PBXFileReference; lastKnownFileType = file.xib; name = firstCellTableViewCell.xib; path = Yeap/Views/firstCellTableViewCell.xib; sourceTree = SOURCE_ROOT; };
		3965892222FAAF37008B7C63 /* StoryTableViewCell.swift */ = {isa = PBXFileReference; lastKnownFileType = sourcecode.swift; name = StoryTableViewCell.swift; path = Yeap/Views/StoryTableViewCell.swift; sourceTree = SOURCE_ROOT; };
		3965892322FAAF37008B7C63 /* StoryTableViewCell.xib */ = {isa = PBXFileReference; lastKnownFileType = file.xib; name = StoryTableViewCell.xib; path = Yeap/Views/StoryTableViewCell.xib; sourceTree = SOURCE_ROOT; };
		3965892622FABA0B008B7C63 /* SettingTableViewController.swift */ = {isa = PBXFileReference; lastKnownFileType = sourcecode.swift; path = SettingTableViewController.swift; sourceTree = "<group>"; };
		BC02E18022FC06D5007FB216 /* Data.xcdatamodel */ = {isa = PBXFileReference; lastKnownFileType = wrapper.xcdatamodel; path = Data.xcdatamodel; sourceTree = "<group>"; };
		BC04224122FAB12500D10B07 /* DailyTaskCollectionViewCell.swift */ = {isa = PBXFileReference; lastKnownFileType = sourcecode.swift; name = DailyTaskCollectionViewCell.swift; path = Yeap/DailyTaskCollectionViewCell.swift; sourceTree = SOURCE_ROOT; };
		BC04224322FAB3D200D10B07 /* Task.swift */ = {isa = PBXFileReference; lastKnownFileType = sourcecode.swift; name = Task.swift; path = Yeap/Task.swift; sourceTree = SOURCE_ROOT; };
		BC48C56522FD5BB00095E45D /* SubmitChallengeViewController.swift */ = {isa = PBXFileReference; lastKnownFileType = sourcecode.swift; path = SubmitChallengeViewController.swift; sourceTree = "<group>"; };
		BC91131C22F8F85600383393 /* Yeap.app */ = {isa = PBXFileReference; explicitFileType = wrapper.application; includeInIndex = 0; path = Yeap.app; sourceTree = BUILT_PRODUCTS_DIR; };
		BC91131F22F8F85600383393 /* AppDelegate.swift */ = {isa = PBXFileReference; lastKnownFileType = sourcecode.swift; path = AppDelegate.swift; sourceTree = "<group>"; };
		BC91132422F8F85600383393 /* Base */ = {isa = PBXFileReference; lastKnownFileType = file.storyboard; name = Base; path = Base.lproj/Main.storyboard; sourceTree = "<group>"; };
		BC91132622F8F85800383393 /* Assets.xcassets */ = {isa = PBXFileReference; lastKnownFileType = folder.assetcatalog; path = Assets.xcassets; sourceTree = "<group>"; };
		BC91132922F8F85800383393 /* Base */ = {isa = PBXFileReference; lastKnownFileType = file.storyboard; name = Base; path = Base.lproj/LaunchScreen.storyboard; sourceTree = "<group>"; };
		BC91132B22F8F85800383393 /* Info.plist */ = {isa = PBXFileReference; lastKnownFileType = text.plist.xml; path = Info.plist; sourceTree = "<group>"; };
		BC91133022F8F85800383393 /* YeapTests.xctest */ = {isa = PBXFileReference; explicitFileType = wrapper.cfbundle; includeInIndex = 0; path = YeapTests.xctest; sourceTree = BUILT_PRODUCTS_DIR; };
		BC91133422F8F85800383393 /* YeapTests.swift */ = {isa = PBXFileReference; lastKnownFileType = sourcecode.swift; path = YeapTests.swift; sourceTree = "<group>"; };
		BC91133622F8F85800383393 /* Info.plist */ = {isa = PBXFileReference; lastKnownFileType = text.plist.xml; path = Info.plist; sourceTree = "<group>"; };
		BC91133B22F8F85800383393 /* YeapUITests.xctest */ = {isa = PBXFileReference; explicitFileType = wrapper.cfbundle; includeInIndex = 0; path = YeapUITests.xctest; sourceTree = BUILT_PRODUCTS_DIR; };
		BC91133F22F8F85800383393 /* YeapUITests.swift */ = {isa = PBXFileReference; lastKnownFileType = sourcecode.swift; path = YeapUITests.swift; sourceTree = "<group>"; };
		BC91134122F8F85800383393 /* Info.plist */ = {isa = PBXFileReference; lastKnownFileType = text.plist.xml; path = Info.plist; sourceTree = "<group>"; };
/* End PBXFileReference section */

/* Begin PBXFrameworksBuildPhase section */
		BC91131922F8F85600383393 /* Frameworks */ = {
			isa = PBXFrameworksBuildPhase;
			buildActionMask = 2147483647;
			files = (
			);
			runOnlyForDeploymentPostprocessing = 0;
		};
		BC91132D22F8F85800383393 /* Frameworks */ = {
			isa = PBXFrameworksBuildPhase;
			buildActionMask = 2147483647;
			files = (
			);
			runOnlyForDeploymentPostprocessing = 0;
		};
		BC91133822F8F85800383393 /* Frameworks */ = {
			isa = PBXFrameworksBuildPhase;
			buildActionMask = 2147483647;
			files = (
			);
			runOnlyForDeploymentPostprocessing = 0;
		};
/* End PBXFrameworksBuildPhase section */

/* Begin PBXGroup section */
		BC91131322F8F85600383393 = {
			isa = PBXGroup;
			children = (
				BC91131E22F8F85600383393 /* Yeap */,
				BC91133322F8F85800383393 /* YeapTests */,
				BC91133E22F8F85800383393 /* YeapUITests */,
				BC91131D22F8F85600383393 /* Products */,
			);
			sourceTree = "<group>";
		};
		BC91131D22F8F85600383393 /* Products */ = {
			isa = PBXGroup;
			children = (
				BC91131C22F8F85600383393 /* Yeap.app */,
				BC91133022F8F85800383393 /* YeapTests.xctest */,
				BC91133B22F8F85800383393 /* YeapUITests.xctest */,
			);
			name = Products;
			sourceTree = "<group>";
		};
		BC91131E22F8F85600383393 /* Yeap */ = {
			isa = PBXGroup;
			children = (
				BC91134F22F8F90800383393 /* Controllers */,
				BC91134E22F8F90200383393 /* Views */,
				BC91134D22F8F8F600383393 /* Models */,
				BC91131F22F8F85600383393 /* AppDelegate.swift */,
				BC91132322F8F85600383393 /* Main.storyboard */,
				3900650022FC2CE8004189E6 /* Advisor.storyboard */,
				BC91132622F8F85800383393 /* Assets.xcassets */,
				BC91132822F8F85800383393 /* LaunchScreen.storyboard */,
				BC91132B22F8F85800383393 /* Info.plist */,
				BC02E17F22FC06D5007FB216 /* Data.xcdatamodeld */,
			);
			path = Yeap;
			sourceTree = "<group>";
		};
		BC91133322F8F85800383393 /* YeapTests */ = {
			isa = PBXGroup;
			children = (
				BC91133422F8F85800383393 /* YeapTests.swift */,
				BC91133622F8F85800383393 /* Info.plist */,
			);
			path = YeapTests;
			sourceTree = "<group>";
		};
		BC91133E22F8F85800383393 /* YeapUITests */ = {
			isa = PBXGroup;
			children = (
				BC91133F22F8F85800383393 /* YeapUITests.swift */,
				BC91134122F8F85800383393 /* Info.plist */,
			);
			path = YeapUITests;
			sourceTree = "<group>";
		};
		BC91134D22F8F8F600383393 /* Models */ = {
			isa = PBXGroup;
			children = (
				3965891022F9879E008B7C63 /* colors.swift */,
				3965891E22FAAEFA008B7C63 /* firstCellTableViewCell.swift */,
				3965891F22FAAEFA008B7C63 /* firstCellTableViewCell.xib */,
				3965892222FAAF37008B7C63 /* StoryTableViewCell.swift */,
				3965892322FAAF37008B7C63 /* StoryTableViewCell.xib */,
				BC04224322FAB3D200D10B07 /* Task.swift */,
				390064AD22FBCD41004189E6 /* camera.swift */,
			);
			path = Models;
			sourceTree = "<group>";
		};
		BC91134E22F8F90200383393 /* Views */ = {
			isa = PBXGroup;
			children = (
				BC04224122FAB12500D10B07 /* DailyTaskCollectionViewCell.swift */,
				390064A922FBC28A004189E6 /* NameSettingTableViewCell.swift */,
				390064AA22FBC28A004189E6 /* NameSettingTableViewCell.xib */,
				390AF28623029C0A002A87BA /* AdvisorCardCollectionViewCell.swift */,
				390064F322FBF3F7004189E6 /* PickerTableViewCell.swift */,
				390064F422FBF3F7004189E6 /* PickerTableViewCell.xib */,
				390064F722FC081C004189E6 /* ReuseableLabelButtonTableViewCell.swift */,
				390064F822FC081C004189E6 /* ReuseableLabelButtonTableViewCell.xib */,
			);
			path = Views;
			sourceTree = "<group>";
		};
		BC91134F22F8F90800383393 /* Controllers */ = {
			isa = PBXGroup;
			children = (
				3900650222FC2E1B004189E6 /* AdvisorViewController.swift */,
				3965891A22FAAE67008B7C63 /* StoryTableViewController.swift */,
				3965891422FAA925008B7C63 /* JourneyViewController.swift */,
				3965891622FAA94F008B7C63 /* DailyTaskViewController.swift */,
				3965892622FABA0B008B7C63 /* SettingTableViewController.swift */,
				BC48C56522FD5BB00095E45D /* SubmitChallengeViewController.swift */,
			);
			path = Controllers;
			sourceTree = "<group>";
		};
/* End PBXGroup section */

/* Begin PBXNativeTarget section */
		BC91131B22F8F85600383393 /* Yeap */ = {
			isa = PBXNativeTarget;
			buildConfigurationList = BC91134422F8F85800383393 /* Build configuration list for PBXNativeTarget "Yeap" */;
			buildPhases = (
				BC91131822F8F85600383393 /* Sources */,
				BC91131922F8F85600383393 /* Frameworks */,
				BC91131A22F8F85600383393 /* Resources */,
			);
			buildRules = (
			);
			dependencies = (
			);
			name = Yeap;
			productName = Yeap;
			productReference = BC91131C22F8F85600383393 /* Yeap.app */;
			productType = "com.apple.product-type.application";
		};
		BC91132F22F8F85800383393 /* YeapTests */ = {
			isa = PBXNativeTarget;
			buildConfigurationList = BC91134722F8F85800383393 /* Build configuration list for PBXNativeTarget "YeapTests" */;
			buildPhases = (
				BC91132C22F8F85800383393 /* Sources */,
				BC91132D22F8F85800383393 /* Frameworks */,
				BC91132E22F8F85800383393 /* Resources */,
			);
			buildRules = (
			);
			dependencies = (
				BC91133222F8F85800383393 /* PBXTargetDependency */,
			);
			name = YeapTests;
			productName = YeapTests;
			productReference = BC91133022F8F85800383393 /* YeapTests.xctest */;
			productType = "com.apple.product-type.bundle.unit-test";
		};
		BC91133A22F8F85800383393 /* YeapUITests */ = {
			isa = PBXNativeTarget;
			buildConfigurationList = BC91134A22F8F85800383393 /* Build configuration list for PBXNativeTarget "YeapUITests" */;
			buildPhases = (
				BC91133722F8F85800383393 /* Sources */,
				BC91133822F8F85800383393 /* Frameworks */,
				BC91133922F8F85800383393 /* Resources */,
			);
			buildRules = (
			);
			dependencies = (
				BC91133D22F8F85800383393 /* PBXTargetDependency */,
			);
			name = YeapUITests;
			productName = YeapUITests;
			productReference = BC91133B22F8F85800383393 /* YeapUITests.xctest */;
			productType = "com.apple.product-type.bundle.ui-testing";
		};
/* End PBXNativeTarget section */

/* Begin PBXProject section */
		BC91131422F8F85600383393 /* Project object */ = {
			isa = PBXProject;
			attributes = {
				LastSwiftUpdateCheck = 1030;
				LastUpgradeCheck = 1030;
				ORGANIZATIONNAME = "House of Do";
				TargetAttributes = {
					BC91131B22F8F85600383393 = {
						CreatedOnToolsVersion = 10.3;
					};
					BC91132F22F8F85800383393 = {
						CreatedOnToolsVersion = 10.3;
						TestTargetID = BC91131B22F8F85600383393;
					};
					BC91133A22F8F85800383393 = {
						CreatedOnToolsVersion = 10.3;
						TestTargetID = BC91131B22F8F85600383393;
					};
				};
			};
			buildConfigurationList = BC91131722F8F85600383393 /* Build configuration list for PBXProject "Yeap" */;
			compatibilityVersion = "Xcode 9.3";
			developmentRegion = en;
			hasScannedForEncodings = 0;
			knownRegions = (
				en,
				Base,
			);
			mainGroup = BC91131322F8F85600383393;
			productRefGroup = BC91131D22F8F85600383393 /* Products */;
			projectDirPath = "";
			projectRoot = "";
			targets = (
				BC91131B22F8F85600383393 /* Yeap */,
				BC91132F22F8F85800383393 /* YeapTests */,
				BC91133A22F8F85800383393 /* YeapUITests */,
			);
		};
/* End PBXProject section */

/* Begin PBXResourcesBuildPhase section */
		BC91131A22F8F85600383393 /* Resources */ = {
			isa = PBXResourcesBuildPhase;
			buildActionMask = 2147483647;
			files = (
				BC91132A22F8F85800383393 /* LaunchScreen.storyboard in Resources */,
				BC91132722F8F85800383393 /* Assets.xcassets in Resources */,
				3900650122FC2CE8004189E6 /* Advisor.storyboard in Resources */,
				390064F622FBF3F7004189E6 /* PickerTableViewCell.xib in Resources */,
				3965892122FAAEFA008B7C63 /* firstCellTableViewCell.xib in Resources */,
				3965892522FAAF37008B7C63 /* StoryTableViewCell.xib in Resources */,
				390064FA22FC081C004189E6 /* ReuseableLabelButtonTableViewCell.xib in Resources */,
				BC91132522F8F85600383393 /* Main.storyboard in Resources */,
				390064AC22FBC28A004189E6 /* NameSettingTableViewCell.xib in Resources */,
			);
			runOnlyForDeploymentPostprocessing = 0;
		};
		BC91132E22F8F85800383393 /* Resources */ = {
			isa = PBXResourcesBuildPhase;
			buildActionMask = 2147483647;
			files = (
			);
			runOnlyForDeploymentPostprocessing = 0;
		};
		BC91133922F8F85800383393 /* Resources */ = {
			isa = PBXResourcesBuildPhase;
			buildActionMask = 2147483647;
			files = (
			);
			runOnlyForDeploymentPostprocessing = 0;
		};
/* End PBXResourcesBuildPhase section */

/* Begin PBXSourcesBuildPhase section */
		BC91131822F8F85600383393 /* Sources */ = {
			isa = PBXSourcesBuildPhase;
			buildActionMask = 2147483647;
			files = (
				390064AB22FBC28A004189E6 /* NameSettingTableViewCell.swift in Sources */,
				3965892722FABA0B008B7C63 /* SettingTableViewController.swift in Sources */,
				390064F522FBF3F7004189E6 /* PickerTableViewCell.swift in Sources */,
				390064AE22FBCD41004189E6 /* camera.swift in Sources */,
				BC48C56622FD5BB00095E45D /* SubmitChallengeViewController.swift in Sources */,
				3965891B22FAAE67008B7C63 /* StoryTableViewController.swift in Sources */,
				390064F922FC081C004189E6 /* ReuseableLabelButtonTableViewCell.swift in Sources */,
				3965891522FAA925008B7C63 /* JourneyViewController.swift in Sources */,
				3965892022FAAEFA008B7C63 /* firstCellTableViewCell.swift in Sources */,
				3965891722FAA94F008B7C63 /* DailyTaskViewController.swift in Sources */,
				BC04224222FAB12500D10B07 /* DailyTaskCollectionViewCell.swift in Sources */,
				390AF28723029C0A002A87BA /* AdvisorCardCollectionViewCell.swift in Sources */,
				BC02E18122FC06D5007FB216 /* Data.xcdatamodeld in Sources */,
				3965891122F9879E008B7C63 /* colors.swift in Sources */,
				BC04224422FAB3D200D10B07 /* Task.swift in Sources */,
				BC91132022F8F85600383393 /* AppDelegate.swift in Sources */,
				3900650322FC2E1B004189E6 /* AdvisorViewController.swift in Sources */,
				3965892422FAAF37008B7C63 /* StoryTableViewCell.swift in Sources */,
			);
			runOnlyForDeploymentPostprocessing = 0;
		};
		BC91132C22F8F85800383393 /* Sources */ = {
			isa = PBXSourcesBuildPhase;
			buildActionMask = 2147483647;
			files = (
				BC91133522F8F85800383393 /* YeapTests.swift in Sources */,
			);
			runOnlyForDeploymentPostprocessing = 0;
		};
		BC91133722F8F85800383393 /* Sources */ = {
			isa = PBXSourcesBuildPhase;
			buildActionMask = 2147483647;
			files = (
				BC91134022F8F85800383393 /* YeapUITests.swift in Sources */,
			);
			runOnlyForDeploymentPostprocessing = 0;
		};
/* End PBXSourcesBuildPhase section */

/* Begin PBXTargetDependency section */
		BC91133222F8F85800383393 /* PBXTargetDependency */ = {
			isa = PBXTargetDependency;
			target = BC91131B22F8F85600383393 /* Yeap */;
			targetProxy = BC91133122F8F85800383393 /* PBXContainerItemProxy */;
		};
		BC91133D22F8F85800383393 /* PBXTargetDependency */ = {
			isa = PBXTargetDependency;
			target = BC91131B22F8F85600383393 /* Yeap */;
			targetProxy = BC91133C22F8F85800383393 /* PBXContainerItemProxy */;
		};
/* End PBXTargetDependency section */

/* Begin PBXVariantGroup section */
		BC91132322F8F85600383393 /* Main.storyboard */ = {
			isa = PBXVariantGroup;
			children = (
				BC91132422F8F85600383393 /* Base */,
			);
			name = Main.storyboard;
			sourceTree = "<group>";
		};
		BC91132822F8F85800383393 /* LaunchScreen.storyboard */ = {
			isa = PBXVariantGroup;
			children = (
				BC91132922F8F85800383393 /* Base */,
			);
			name = LaunchScreen.storyboard;
			sourceTree = "<group>";
		};
/* End PBXVariantGroup section */

/* Begin XCBuildConfiguration section */
		BC91134222F8F85800383393 /* Debug */ = {
			isa = XCBuildConfiguration;
			buildSettings = {
				ALWAYS_SEARCH_USER_PATHS = NO;
				CLANG_ANALYZER_NONNULL = YES;
				CLANG_ANALYZER_NUMBER_OBJECT_CONVERSION = YES_AGGRESSIVE;
				CLANG_CXX_LANGUAGE_STANDARD = "gnu++14";
				CLANG_CXX_LIBRARY = "libc++";
				CLANG_ENABLE_MODULES = YES;
				CLANG_ENABLE_OBJC_ARC = YES;
				CLANG_ENABLE_OBJC_WEAK = YES;
				CLANG_WARN_BLOCK_CAPTURE_AUTORELEASING = YES;
				CLANG_WARN_BOOL_CONVERSION = YES;
				CLANG_WARN_COMMA = YES;
				CLANG_WARN_CONSTANT_CONVERSION = YES;
				CLANG_WARN_DEPRECATED_OBJC_IMPLEMENTATIONS = YES;
				CLANG_WARN_DIRECT_OBJC_ISA_USAGE = YES_ERROR;
				CLANG_WARN_DOCUMENTATION_COMMENTS = YES;
				CLANG_WARN_EMPTY_BODY = YES;
				CLANG_WARN_ENUM_CONVERSION = YES;
				CLANG_WARN_INFINITE_RECURSION = YES;
				CLANG_WARN_INT_CONVERSION = YES;
				CLANG_WARN_NON_LITERAL_NULL_CONVERSION = YES;
				CLANG_WARN_OBJC_IMPLICIT_RETAIN_SELF = YES;
				CLANG_WARN_OBJC_LITERAL_CONVERSION = YES;
				CLANG_WARN_OBJC_ROOT_CLASS = YES_ERROR;
				CLANG_WARN_RANGE_LOOP_ANALYSIS = YES;
				CLANG_WARN_STRICT_PROTOTYPES = YES;
				CLANG_WARN_SUSPICIOUS_MOVE = YES;
				CLANG_WARN_UNGUARDED_AVAILABILITY = YES_AGGRESSIVE;
				CLANG_WARN_UNREACHABLE_CODE = YES;
				CLANG_WARN__DUPLICATE_METHOD_MATCH = YES;
				CODE_SIGN_IDENTITY = "iPhone Developer";
				COPY_PHASE_STRIP = NO;
				DEBUG_INFORMATION_FORMAT = dwarf;
				ENABLE_STRICT_OBJC_MSGSEND = YES;
				ENABLE_TESTABILITY = YES;
				GCC_C_LANGUAGE_STANDARD = gnu11;
				GCC_DYNAMIC_NO_PIC = NO;
				GCC_NO_COMMON_BLOCKS = YES;
				GCC_OPTIMIZATION_LEVEL = 0;
				GCC_PREPROCESSOR_DEFINITIONS = (
					"DEBUG=1",
					"$(inherited)",
				);
				GCC_WARN_64_TO_32_BIT_CONVERSION = YES;
				GCC_WARN_ABOUT_RETURN_TYPE = YES_ERROR;
				GCC_WARN_UNDECLARED_SELECTOR = YES;
				GCC_WARN_UNINITIALIZED_AUTOS = YES_AGGRESSIVE;
				GCC_WARN_UNUSED_FUNCTION = YES;
				GCC_WARN_UNUSED_VARIABLE = YES;
				IPHONEOS_DEPLOYMENT_TARGET = 12.4;
				MTL_ENABLE_DEBUG_INFO = INCLUDE_SOURCE;
				MTL_FAST_MATH = YES;
				ONLY_ACTIVE_ARCH = YES;
				SDKROOT = iphoneos;
				SWIFT_ACTIVE_COMPILATION_CONDITIONS = DEBUG;
				SWIFT_OPTIMIZATION_LEVEL = "-Onone";
			};
			name = Debug;
		};
		BC91134322F8F85800383393 /* Release */ = {
			isa = XCBuildConfiguration;
			buildSettings = {
				ALWAYS_SEARCH_USER_PATHS = NO;
				CLANG_ANALYZER_NONNULL = YES;
				CLANG_ANALYZER_NUMBER_OBJECT_CONVERSION = YES_AGGRESSIVE;
				CLANG_CXX_LANGUAGE_STANDARD = "gnu++14";
				CLANG_CXX_LIBRARY = "libc++";
				CLANG_ENABLE_MODULES = YES;
				CLANG_ENABLE_OBJC_ARC = YES;
				CLANG_ENABLE_OBJC_WEAK = YES;
				CLANG_WARN_BLOCK_CAPTURE_AUTORELEASING = YES;
				CLANG_WARN_BOOL_CONVERSION = YES;
				CLANG_WARN_COMMA = YES;
				CLANG_WARN_CONSTANT_CONVERSION = YES;
				CLANG_WARN_DEPRECATED_OBJC_IMPLEMENTATIONS = YES;
				CLANG_WARN_DIRECT_OBJC_ISA_USAGE = YES_ERROR;
				CLANG_WARN_DOCUMENTATION_COMMENTS = YES;
				CLANG_WARN_EMPTY_BODY = YES;
				CLANG_WARN_ENUM_CONVERSION = YES;
				CLANG_WARN_INFINITE_RECURSION = YES;
				CLANG_WARN_INT_CONVERSION = YES;
				CLANG_WARN_NON_LITERAL_NULL_CONVERSION = YES;
				CLANG_WARN_OBJC_IMPLICIT_RETAIN_SELF = YES;
				CLANG_WARN_OBJC_LITERAL_CONVERSION = YES;
				CLANG_WARN_OBJC_ROOT_CLASS = YES_ERROR;
				CLANG_WARN_RANGE_LOOP_ANALYSIS = YES;
				CLANG_WARN_STRICT_PROTOTYPES = YES;
				CLANG_WARN_SUSPICIOUS_MOVE = YES;
				CLANG_WARN_UNGUARDED_AVAILABILITY = YES_AGGRESSIVE;
				CLANG_WARN_UNREACHABLE_CODE = YES;
				CLANG_WARN__DUPLICATE_METHOD_MATCH = YES;
				CODE_SIGN_IDENTITY = "iPhone Developer";
				COPY_PHASE_STRIP = NO;
				DEBUG_INFORMATION_FORMAT = "dwarf-with-dsym";
				ENABLE_NS_ASSERTIONS = NO;
				ENABLE_STRICT_OBJC_MSGSEND = YES;
				GCC_C_LANGUAGE_STANDARD = gnu11;
				GCC_NO_COMMON_BLOCKS = YES;
				GCC_WARN_64_TO_32_BIT_CONVERSION = YES;
				GCC_WARN_ABOUT_RETURN_TYPE = YES_ERROR;
				GCC_WARN_UNDECLARED_SELECTOR = YES;
				GCC_WARN_UNINITIALIZED_AUTOS = YES_AGGRESSIVE;
				GCC_WARN_UNUSED_FUNCTION = YES;
				GCC_WARN_UNUSED_VARIABLE = YES;
				IPHONEOS_DEPLOYMENT_TARGET = 12.4;
				MTL_ENABLE_DEBUG_INFO = NO;
				MTL_FAST_MATH = YES;
				SDKROOT = iphoneos;
				SWIFT_COMPILATION_MODE = wholemodule;
				SWIFT_OPTIMIZATION_LEVEL = "-O";
				VALIDATE_PRODUCT = YES;
			};
			name = Release;
		};
		BC91134522F8F85800383393 /* Debug */ = {
			isa = XCBuildConfiguration;
			buildSettings = {
				ASSETCATALOG_COMPILER_APPICON_NAME = AppIcon;
				CODE_SIGN_STYLE = Automatic;
				DEVELOPMENT_TEAM = 59G66T9GCN;
				INFOPLIST_FILE = Yeap/Info.plist;
				LD_RUNPATH_SEARCH_PATHS = (
					"$(inherited)",
					"@executable_path/Frameworks",
				);
				PRODUCT_BUNDLE_IDENTIFIER = com.hod.Yeap;
				PRODUCT_NAME = "$(TARGET_NAME)";
				SWIFT_VERSION = 5.0;
				TARGETED_DEVICE_FAMILY = "1,2";
			};
			name = Debug;
		};
		BC91134622F8F85800383393 /* Release */ = {
			isa = XCBuildConfiguration;
			buildSettings = {
				ASSETCATALOG_COMPILER_APPICON_NAME = AppIcon;
				CODE_SIGN_STYLE = Automatic;
				DEVELOPMENT_TEAM = 59G66T9GCN;
				INFOPLIST_FILE = Yeap/Info.plist;
				LD_RUNPATH_SEARCH_PATHS = (
					"$(inherited)",
					"@executable_path/Frameworks",
				);
				PRODUCT_BUNDLE_IDENTIFIER = com.hod.Yeap;
				PRODUCT_NAME = "$(TARGET_NAME)";
				SWIFT_VERSION = 5.0;
				TARGETED_DEVICE_FAMILY = "1,2";
			};
			name = Release;
		};
		BC91134822F8F85800383393 /* Debug */ = {
			isa = XCBuildConfiguration;
			buildSettings = {
				ALWAYS_EMBED_SWIFT_STANDARD_LIBRARIES = YES;
				BUNDLE_LOADER = "$(TEST_HOST)";
				CODE_SIGN_STYLE = Automatic;
				INFOPLIST_FILE = YeapTests/Info.plist;
				LD_RUNPATH_SEARCH_PATHS = (
					"$(inherited)",
					"@executable_path/Frameworks",
					"@loader_path/Frameworks",
				);
				PRODUCT_BUNDLE_IDENTIFIER = com.hod.YeapTests;
				PRODUCT_NAME = "$(TARGET_NAME)";
				SWIFT_VERSION = 5.0;
				TARGETED_DEVICE_FAMILY = "1,2";
				TEST_HOST = "$(BUILT_PRODUCTS_DIR)/Yeap.app/Yeap";
			};
			name = Debug;
		};
		BC91134922F8F85800383393 /* Release */ = {
			isa = XCBuildConfiguration;
			buildSettings = {
				ALWAYS_EMBED_SWIFT_STANDARD_LIBRARIES = YES;
				BUNDLE_LOADER = "$(TEST_HOST)";
				CODE_SIGN_STYLE = Automatic;
				INFOPLIST_FILE = YeapTests/Info.plist;
				LD_RUNPATH_SEARCH_PATHS = (
					"$(inherited)",
					"@executable_path/Frameworks",
					"@loader_path/Frameworks",
				);
				PRODUCT_BUNDLE_IDENTIFIER = com.hod.YeapTests;
				PRODUCT_NAME = "$(TARGET_NAME)";
				SWIFT_VERSION = 5.0;
				TARGETED_DEVICE_FAMILY = "1,2";
				TEST_HOST = "$(BUILT_PRODUCTS_DIR)/Yeap.app/Yeap";
			};
			name = Release;
		};
		BC91134B22F8F85800383393 /* Debug */ = {
			isa = XCBuildConfiguration;
			buildSettings = {
				ALWAYS_EMBED_SWIFT_STANDARD_LIBRARIES = YES;
				CODE_SIGN_STYLE = Automatic;
				INFOPLIST_FILE = YeapUITests/Info.plist;
				LD_RUNPATH_SEARCH_PATHS = (
					"$(inherited)",
					"@executable_path/Frameworks",
					"@loader_path/Frameworks",
				);
				PRODUCT_BUNDLE_IDENTIFIER = com.hod.YeapUITests;
				PRODUCT_NAME = "$(TARGET_NAME)";
				SWIFT_VERSION = 5.0;
				TARGETED_DEVICE_FAMILY = "1,2";
				TEST_TARGET_NAME = Yeap;
			};
			name = Debug;
		};
		BC91134C22F8F85800383393 /* Release */ = {
			isa = XCBuildConfiguration;
			buildSettings = {
				ALWAYS_EMBED_SWIFT_STANDARD_LIBRARIES = YES;
				CODE_SIGN_STYLE = Automatic;
				INFOPLIST_FILE = YeapUITests/Info.plist;
				LD_RUNPATH_SEARCH_PATHS = (
					"$(inherited)",
					"@executable_path/Frameworks",
					"@loader_path/Frameworks",
				);
				PRODUCT_BUNDLE_IDENTIFIER = com.hod.YeapUITests;
				PRODUCT_NAME = "$(TARGET_NAME)";
				SWIFT_VERSION = 5.0;
				TARGETED_DEVICE_FAMILY = "1,2";
				TEST_TARGET_NAME = Yeap;
			};
			name = Release;
		};
/* End XCBuildConfiguration section */

/* Begin XCConfigurationList section */
		BC91131722F8F85600383393 /* Build configuration list for PBXProject "Yeap" */ = {
			isa = XCConfigurationList;
			buildConfigurations = (
				BC91134222F8F85800383393 /* Debug */,
				BC91134322F8F85800383393 /* Release */,
			);
			defaultConfigurationIsVisible = 0;
			defaultConfigurationName = Release;
		};
		BC91134422F8F85800383393 /* Build configuration list for PBXNativeTarget "Yeap" */ = {
			isa = XCConfigurationList;
			buildConfigurations = (
				BC91134522F8F85800383393 /* Debug */,
				BC91134622F8F85800383393 /* Release */,
			);
			defaultConfigurationIsVisible = 0;
			defaultConfigurationName = Release;
		};
		BC91134722F8F85800383393 /* Build configuration list for PBXNativeTarget "YeapTests" */ = {
			isa = XCConfigurationList;
			buildConfigurations = (
				BC91134822F8F85800383393 /* Debug */,
				BC91134922F8F85800383393 /* Release */,
			);
			defaultConfigurationIsVisible = 0;
			defaultConfigurationName = Release;
		};
		BC91134A22F8F85800383393 /* Build configuration list for PBXNativeTarget "YeapUITests" */ = {
			isa = XCConfigurationList;
			buildConfigurations = (
				BC91134B22F8F85800383393 /* Debug */,
				BC91134C22F8F85800383393 /* Release */,
			);
			defaultConfigurationIsVisible = 0;
			defaultConfigurationName = Release;
		};
/* End XCConfigurationList section */

/* Begin XCVersionGroup section */
		BC02E17F22FC06D5007FB216 /* Data.xcdatamodeld */ = {
			isa = XCVersionGroup;
			children = (
				BC02E18022FC06D5007FB216 /* Data.xcdatamodel */,
			);
			currentVersion = BC02E18022FC06D5007FB216 /* Data.xcdatamodel */;
			path = Data.xcdatamodeld;
			sourceTree = "<group>";
			versionGroupType = wrapper.xcdatamodel;
		};
/* End XCVersionGroup section */
	};
	rootObject = BC91131422F8F85600383393 /* Project object */;
}
